
Microsoft Visual Studio Solution File, Format Version 12.00
# Visual Studio 15
VisualStudioVersion = 15.0.26430.12
MinimumVisualStudioVersion = 10.0.40219.1
Project("{D954291E-2A0B-460D-934E-DC6B0785DB48}") = "MorsArcium_Shared", "MorsArcium_Shared\MorsArcium_Shared.shproj", "{A0CDBD0E-3A41-42B7-9425-A838BC2C7383}"
EndProject
Project("{FAE04EC0-301F-11D3-BF4B-00C04F79EFBC}") = "MorsArcium_Desktop", "MorsArcium_Desktop\MorsArcium_Desktop.csproj", "{7D10ACA2-D285-49BD-B262-5BFCBA67AEDF}"
EndProject
Global
	GlobalSection(SharedMSBuildProjectFiles) = preSolution
		MorsArcium_Shared\MorsArcium_Shared.projitems*{7d10aca2-d285-49bd-b262-5bfcba67aedf}*SharedItemsImports = 4
		MorsArcium_Shared\MorsArcium_Shared.projitems*{a0cdbd0e-3a41-42b7-9425-a838bc2c7383}*SharedItemsImports = 13
	EndGlobalSection
	GlobalSection(SolutionConfigurationPlatforms) = preSolution
		Debug|Any CPU = Debug|Any CPU
		Debug|x86 = Debug|x86
		Release|Any CPU = Release|Any CPU
		Release|x86 = Release|x86
	EndGlobalSection
	GlobalSection(ProjectConfigurationPlatforms) = postSolution
		{7D10ACA2-D285-49BD-B262-5BFCBA67AEDF}.Debug|Any CPU.ActiveCfg = Debug|Any CPU
		{7D10ACA2-D285-49BD-B262-5BFCBA67AEDF}.Debug|Any CPU.Build.0 = Debug|Any CPU
		{7D10ACA2-D285-49BD-B262-5BFCBA67AEDF}.Debug|x86.ActiveCfg = Debug|Any CPU
		{7D10ACA2-D285-49BD-B262-5BFCBA67AEDF}.Debug|x86.Build.0 = Debug|Any CPU
		{7D10ACA2-D285-49BD-B262-5BFCBA67AEDF}.Release|Any CPU.ActiveCfg = Release|Any CPU
		{7D10ACA2-D285-49BD-B262-5BFCBA67AEDF}.Release|Any CPU.Build.0 = Release|Any CPU
		{7D10ACA2-D285-49BD-B262-5BFCBA67AEDF}.Release|x86.ActiveCfg = Release|Any CPU
		{7D10ACA2-D285-49BD-B262-5BFCBA67AEDF}.Release|x86.Build.0 = Release|Any CPU
	EndGlobalSection
	GlobalSection(SolutionProperties) = preSolution
		HideSolutionNode = FALSE
	EndGlobalSection
	GlobalSection(ExtensibilityGlobals) = postSolution
		SolutionGuid = {5BAB0DF0-D9FC-4353-BA04-77F7DC4358C9}
	EndGlobalSection
EndGlobal
